
Microsoft Visual Studio Solution File, Format Version 11.00
# Visual Studio 2010
Project("{8BC9CEB8-8B4A-11D0-8D11-00A0C91BC942}") = "text2svg", "text2svg.vcxproj", "{713BC125-49AB-40C5-B7E5-97B506AF9D57}"
EndProject
Global
	GlobalSection(SolutionConfigurationPlatforms) = preSolution
		Debug|Win32 = Debug|Win32
		Release|Win32 = Release|Win32
	EndGlobalSection
	GlobalSection(ProjectConfigurationPlatforms) = postSolution
		{713BC125-49AB-40C5-B7E5-97B506AF9D57}.Debug|Win32.ActiveCfg = Debug|Win32
		{713BC125-49AB-40C5-B7E5-97B506AF9D57}.Debug|Win32.Build.0 = Debug|Win32
		{713BC125-49AB-40C5-B7E5-97B506AF9D57}.Release|Win32.ActiveCfg = Release|Win32
		{713BC125-49AB-40C5-B7E5-97B506AF9D57}.Release|Win32.Build.0 = Release|Win32
	EndGlobalSection
	GlobalSection(SolutionProperties) = preSolution
		HideSolutionNode = FALSE
	EndGlobalSection
EndGlobal
